// !$*UTF8*$!
{
	archiveVersion = 1;
	classes = {
	};
	objectVersion = 50;
	objects = {

/* Begin PBXBuildFile section */
		D71A06EB2434F218004DAA58 /* Group.swift in Sources */ = {isa = PBXBuildFile; fileRef = D71A06EA2434F218004DAA58 /* Group.swift */; };
		D71A06ED2434F266004DAA58 /* Friend.swift in Sources */ = {isa = PBXBuildFile; fileRef = D71A06EC2434F266004DAA58 /* Friend.swift */; };
		D71A06F02434F9B3004DAA58 /* MyGroupTableController.swift in Sources */ = {isa = PBXBuildFile; fileRef = D71A06EF2434F9B3004DAA58 /* MyGroupTableController.swift */; };
		D71A06F22434F9D4004DAA58 /* MyGroupTableCell.swift in Sources */ = {isa = PBXBuildFile; fileRef = D71A06F12434F9D4004DAA58 /* MyGroupTableCell.swift */; };
		D71A06F52434F9F8004DAA58 /* AllGroupTableCell.swift in Sources */ = {isa = PBXBuildFile; fileRef = D71A06F42434F9F8004DAA58 /* AllGroupTableCell.swift */; };
		D71A06F72434FA18004DAA58 /* AllGroupTableController.swift in Sources */ = {isa = PBXBuildFile; fileRef = D71A06F62434FA18004DAA58 /* AllGroupTableController.swift */; };
		D71A06FA2435D23A004DAA58 /* AllFriendTableController.swift in Sources */ = {isa = PBXBuildFile; fileRef = D71A06F92435D23A004DAA58 /* AllFriendTableController.swift */; };
		D71A06FC2435D258004DAA58 /* AllFriendTableCell.swift in Sources */ = {isa = PBXBuildFile; fileRef = D71A06FB2435D258004DAA58 /* AllFriendTableCell.swift */; };
		D71A06FF2435DBEE004DAA58 /* FotoCollectionController.swift in Sources */ = {isa = PBXBuildFile; fileRef = D71A06FE2435DBEE004DAA58 /* FotoCollectionController.swift */; };
		D71A07012435DC11004DAA58 /* FotoCollectionCell.swift in Sources */ = {isa = PBXBuildFile; fileRef = D71A07002435DC11004DAA58 /* FotoCollectionCell.swift */; };
		D71A07042436092F004DAA58 /* FotoController.swift in Sources */ = {isa = PBXBuildFile; fileRef = D71A07032436092F004DAA58 /* FotoController.swift */; };
		D71A07092438DEFA004DAA58 /* CircleImage.swift in Sources */ = {isa = PBXBuildFile; fileRef = D71A07082438DEFA004DAA58 /* CircleImage.swift */; };
		D71A070B2439CCF5004DAA58 /* LikeButton.swift in Sources */ = {isa = PBXBuildFile; fileRef = D71A070A2439CCF5004DAA58 /* LikeButton.swift */; };
		D71A070D243A5ABA004DAA58 /* GradientView.swift in Sources */ = {isa = PBXBuildFile; fileRef = D71A070C243A5ABA004DAA58 /* GradientView.swift */; };
		D75763C2244311310065E684 /* NewsTableController.swift in Sources */ = {isa = PBXBuildFile; fileRef = D75763C1244311310065E684 /* NewsTableController.swift */; };
		D75763C4244311ED0065E684 /* MessageTableController.swift in Sources */ = {isa = PBXBuildFile; fileRef = D75763C3244311ED0065E684 /* MessageTableController.swift */; };
		D75763C7244316CC0065E684 /* News.swift in Sources */ = {isa = PBXBuildFile; fileRef = D75763C6244316CB0065E684 /* News.swift */; };
		D75763CB24435BD60065E684 /* MessageCellTableViewCell.swift in Sources */ = {isa = PBXBuildFile; fileRef = D75763C924435BD60065E684 /* MessageCellTableViewCell.swift */; };
		D75763CC24435BD60065E684 /* MessageCellTableViewCell.xib in Resources */ = {isa = PBXBuildFile; fileRef = D75763CA24435BD60065E684 /* MessageCellTableViewCell.xib */; };
		D75763CE24438A680065E684 /* CustomCollectionViewLayout.swift in Sources */ = {isa = PBXBuildFile; fileRef = D75763CD24438A680065E684 /* CustomCollectionViewLayout.swift */; };
		D75763D0244393BF0065E684 /* NewsTableCell.swift in Sources */ = {isa = PBXBuildFile; fileRef = D75763CF244393BF0065E684 /* NewsTableCell.swift */; };
		D75763D224439DB10065E684 /* NewsFotoCollectionCell.swift in Sources */ = {isa = PBXBuildFile; fileRef = D75763D124439DB10065E684 /* NewsFotoCollectionCell.swift */; };
		D75763D42443A8490065E684 /* CommentButton.swift in Sources */ = {isa = PBXBuildFile; fileRef = D75763D32443A8490065E684 /* CommentButton.swift */; };
		D7C39E4D23ED683700DCEDCF /* AppDelegate.swift in Sources */ = {isa = PBXBuildFile; fileRef = D7C39E4C23ED683700DCEDCF /* AppDelegate.swift */; };
		D7C39E4F23ED683700DCEDCF /* SceneDelegate.swift in Sources */ = {isa = PBXBuildFile; fileRef = D7C39E4E23ED683700DCEDCF /* SceneDelegate.swift */; };
		D7C39E5423ED683700DCEDCF /* Main.storyboard in Resources */ = {isa = PBXBuildFile; fileRef = D7C39E5223ED683700DCEDCF /* Main.storyboard */; };
		D7C39E5623ED683800DCEDCF /* Assets.xcassets in Resources */ = {isa = PBXBuildFile; fileRef = D7C39E5523ED683800DCEDCF /* Assets.xcassets */; };
		D7C39E5923ED683800DCEDCF /* LaunchScreen.storyboard in Resources */ = {isa = PBXBuildFile; fileRef = D7C39E5723ED683800DCEDCF /* LaunchScreen.storyboard */; };
		D7C39E6123ED68C100DCEDCF /* LoginFormControllerViewController.swift in Sources */ = {isa = PBXBuildFile; fileRef = D7C39E6023ED68C100DCEDCF /* LoginFormControllerViewController.swift */; };
/* End PBXBuildFile section */

/* Begin PBXFileReference section */
		D71A06EA2434F218004DAA58 /* Group.swift */ = {isa = PBXFileReference; lastKnownFileType = sourcecode.swift; path = Group.swift; sourceTree = "<group>"; };
		D71A06EC2434F266004DAA58 /* Friend.swift */ = {isa = PBXFileReference; lastKnownFileType = sourcecode.swift; path = Friend.swift; sourceTree = "<group>"; };
		D71A06EF2434F9B3004DAA58 /* MyGroupTableController.swift */ = {isa = PBXFileReference; lastKnownFileType = sourcecode.swift; path = MyGroupTableController.swift; sourceTree = "<group>"; };
		D71A06F12434F9D4004DAA58 /* MyGroupTableCell.swift */ = {isa = PBXFileReference; lastKnownFileType = sourcecode.swift; path = MyGroupTableCell.swift; sourceTree = "<group>"; };
		D71A06F42434F9F8004DAA58 /* AllGroupTableCell.swift */ = {isa = PBXFileReference; lastKnownFileType = sourcecode.swift; path = AllGroupTableCell.swift; sourceTree = "<group>"; };
		D71A06F62434FA18004DAA58 /* AllGroupTableController.swift */ = {isa = PBXFileReference; lastKnownFileType = sourcecode.swift; path = AllGroupTableController.swift; sourceTree = "<group>"; };
		D71A06F92435D23A004DAA58 /* AllFriendTableController.swift */ = {isa = PBXFileReference; lastKnownFileType = sourcecode.swift; path = AllFriendTableController.swift; sourceTree = "<group>"; };
		D71A06FB2435D258004DAA58 /* AllFriendTableCell.swift */ = {isa = PBXFileReference; lastKnownFileType = sourcecode.swift; path = AllFriendTableCell.swift; sourceTree = "<group>"; };
		D71A06FE2435DBEE004DAA58 /* FotoCollectionController.swift */ = {isa = PBXFileReference; lastKnownFileType = sourcecode.swift; path = FotoCollectionController.swift; sourceTree = "<group>"; };
		D71A07002435DC11004DAA58 /* FotoCollectionCell.swift */ = {isa = PBXFileReference; lastKnownFileType = sourcecode.swift; path = FotoCollectionCell.swift; sourceTree = "<group>"; };
		D71A07032436092F004DAA58 /* FotoController.swift */ = {isa = PBXFileReference; lastKnownFileType = sourcecode.swift; path = FotoController.swift; sourceTree = "<group>"; };
		D71A07082438DEFA004DAA58 /* CircleImage.swift */ = {isa = PBXFileReference; lastKnownFileType = sourcecode.swift; path = CircleImage.swift; sourceTree = "<group>"; };
		D71A070A2439CCF5004DAA58 /* LikeButton.swift */ = {isa = PBXFileReference; lastKnownFileType = sourcecode.swift; path = LikeButton.swift; sourceTree = "<group>"; };
		D71A070C243A5ABA004DAA58 /* GradientView.swift */ = {isa = PBXFileReference; lastKnownFileType = sourcecode.swift; path = GradientView.swift; sourceTree = "<group>"; };
		D75763C1244311310065E684 /* NewsTableController.swift */ = {isa = PBXFileReference; lastKnownFileType = sourcecode.swift; path = NewsTableController.swift; sourceTree = "<group>"; };
		D75763C3244311ED0065E684 /* MessageTableController.swift */ = {isa = PBXFileReference; lastKnownFileType = sourcecode.swift; path = MessageTableController.swift; sourceTree = "<group>"; };
		D75763C6244316CB0065E684 /* News.swift */ = {isa = PBXFileReference; lastKnownFileType = sourcecode.swift; path = News.swift; sourceTree = "<group>"; };
		D75763C924435BD60065E684 /* MessageCellTableViewCell.swift */ = {isa = PBXFileReference; lastKnownFileType = sourcecode.swift; path = MessageCellTableViewCell.swift; sourceTree = "<group>"; };
		D75763CA24435BD60065E684 /* MessageCellTableViewCell.xib */ = {isa = PBXFileReference; lastKnownFileType = file.xib; path = MessageCellTableViewCell.xib; sourceTree = "<group>"; };
		D75763CD24438A680065E684 /* CustomCollectionViewLayout.swift */ = {isa = PBXFileReference; lastKnownFileType = sourcecode.swift; path = CustomCollectionViewLayout.swift; sourceTree = "<group>"; };
		D75763CF244393BF0065E684 /* NewsTableCell.swift */ = {isa = PBXFileReference; lastKnownFileType = sourcecode.swift; path = NewsTableCell.swift; sourceTree = "<group>"; };
		D75763D124439DB10065E684 /* NewsFotoCollectionCell.swift */ = {isa = PBXFileReference; lastKnownFileType = sourcecode.swift; path = NewsFotoCollectionCell.swift; sourceTree = "<group>"; };
		D75763D32443A8490065E684 /* CommentButton.swift */ = {isa = PBXFileReference; lastKnownFileType = sourcecode.swift; path = CommentButton.swift; sourceTree = "<group>"; };
		D7C39E4923ED683700DCEDCF /* ApplicationVK.app */ = {isa = PBXFileReference; explicitFileType = wrapper.application; includeInIndex = 0; path = ApplicationVK.app; sourceTree = BUILT_PRODUCTS_DIR; };
		D7C39E4C23ED683700DCEDCF /* AppDelegate.swift */ = {isa = PBXFileReference; lastKnownFileType = sourcecode.swift; path = AppDelegate.swift; sourceTree = "<group>"; };
		D7C39E4E23ED683700DCEDCF /* SceneDelegate.swift */ = {isa = PBXFileReference; lastKnownFileType = sourcecode.swift; path = SceneDelegate.swift; sourceTree = "<group>"; };
		D7C39E5323ED683700DCEDCF /* Base */ = {isa = PBXFileReference; lastKnownFileType = file.storyboard; name = Base; path = Base.lproj/Main.storyboard; sourceTree = "<group>"; };
		D7C39E5523ED683800DCEDCF /* Assets.xcassets */ = {isa = PBXFileReference; lastKnownFileType = folder.assetcatalog; path = Assets.xcassets; sourceTree = "<group>"; };
		D7C39E5823ED683800DCEDCF /* Base */ = {isa = PBXFileReference; lastKnownFileType = file.storyboard; name = Base; path = Base.lproj/LaunchScreen.storyboard; sourceTree = "<group>"; };
		D7C39E5A23ED683800DCEDCF /* Info.plist */ = {isa = PBXFileReference; lastKnownFileType = text.plist.xml; path = Info.plist; sourceTree = "<group>"; };
		D7C39E6023ED68C100DCEDCF /* LoginFormControllerViewController.swift */ = {isa = PBXFileReference; lastKnownFileType = sourcecode.swift; path = LoginFormControllerViewController.swift; sourceTree = "<group>"; };
/* End PBXFileReference section */

/* Begin PBXFrameworksBuildPhase section */
		D7C39E4623ED683700DCEDCF /* Frameworks */ = {
			isa = PBXFrameworksBuildPhase;
			buildActionMask = 2147483647;
			files = (
			);
			runOnlyForDeploymentPostprocessing = 0;
		};
/* End PBXFrameworksBuildPhase section */

/* Begin PBXGroup section */
		D71A06E92434F1E5004DAA58 /* Model */ = {
			isa = PBXGroup;
			children = (
				D71A06EA2434F218004DAA58 /* Group.swift */,
				D71A06EC2434F266004DAA58 /* Friend.swift */,
				D75763C6244316CB0065E684 /* News.swift */,
			);
			path = Model;
			sourceTree = "<group>";
		};
		D71A06EE2434F972004DAA58 /* MyGroup */ = {
			isa = PBXGroup;
			children = (
				D71A06EF2434F9B3004DAA58 /* MyGroupTableController.swift */,
				D71A06F12434F9D4004DAA58 /* MyGroupTableCell.swift */,
			);
			path = MyGroup;
			sourceTree = "<group>";
		};
		D71A06F32434F9DA004DAA58 /* AllGroup */ = {
			isa = PBXGroup;
			children = (
				D71A06F42434F9F8004DAA58 /* AllGroupTableCell.swift */,
				D71A06F62434FA18004DAA58 /* AllGroupTableController.swift */,
			);
			path = AllGroup;
			sourceTree = "<group>";
		};
		D71A06F82435D20C004DAA58 /* Friend */ = {
			isa = PBXGroup;
			children = (
				D71A06F92435D23A004DAA58 /* AllFriendTableController.swift */,
				D71A06FB2435D258004DAA58 /* AllFriendTableCell.swift */,
			);
			path = Friend;
			sourceTree = "<group>";
		};
		D71A06FD2435D720004DAA58 /* FotoFriends */ = {
			isa = PBXGroup;
			children = (
				D71A06FE2435DBEE004DAA58 /* FotoCollectionController.swift */,
				D71A07002435DC11004DAA58 /* FotoCollectionCell.swift */,
				D71A07032436092F004DAA58 /* FotoController.swift */,
			);
			path = FotoFriends;
			sourceTree = "<group>";
		};
		D71A07072438C187004DAA58 /* UI */ = {
			isa = PBXGroup;
			children = (
				D71A07082438DEFA004DAA58 /* CircleImage.swift */,
				D71A070A2439CCF5004DAA58 /* LikeButton.swift */,
				D71A070C243A5ABA004DAA58 /* GradientView.swift */,
				D75763CD24438A680065E684 /* CustomCollectionViewLayout.swift */,
				D75763D32443A8490065E684 /* CommentButton.swift */,
			);
			path = UI;
			sourceTree = "<group>";
		};
		D75763BF244310390065E684 /* News */ = {
			isa = PBXGroup;
			children = (
				D75763C1244311310065E684 /* NewsTableController.swift */,
				D75763CF244393BF0065E684 /* NewsTableCell.swift */,
				D75763D124439DB10065E684 /* NewsFotoCollectionCell.swift */,
			);
			path = News;
			sourceTree = "<group>";
		};
		D75763C02443104B0065E684 /* Message */ = {
			isa = PBXGroup;
			children = (
				D75763C824435B930065E684 /*  cell */,
				D75763C3244311ED0065E684 /* MessageTableController.swift */,
			);
			path = Message;
			sourceTree = "<group>";
		};
		D75763C824435B930065E684 /*  cell */ = {
			isa = PBXGroup;
			children = (
				D75763C924435BD60065E684 /* MessageCellTableViewCell.swift */,
				D75763CA24435BD60065E684 /* MessageCellTableViewCell.xib */,
			);
			path = " cell";
			sourceTree = "<group>";
		};
		D7C39E4023ED683700DCEDCF = {
			isa = PBXGroup;
			children = (
				D7C39E4B23ED683700DCEDCF /* ApplicationVK */,
				D7C39E4A23ED683700DCEDCF /* Products */,
			);
			sourceTree = "<group>";
		};
		D7C39E4A23ED683700DCEDCF /* Products */ = {
			isa = PBXGroup;
			children = (
				D7C39E4923ED683700DCEDCF /* ApplicationVK.app */,
			);
			name = Products;
			sourceTree = "<group>";
		};
		D7C39E4B23ED683700DCEDCF /* ApplicationVK */ = {
			isa = PBXGroup;
			children = (
				D75763C02443104B0065E684 /* Message */,
				D75763BF244310390065E684 /* News */,
				D71A07072438C187004DAA58 /* UI */,
				D71A06FD2435D720004DAA58 /* FotoFriends */,
				D71A06F82435D20C004DAA58 /* Friend */,
				D71A06F32434F9DA004DAA58 /* AllGroup */,
				D71A06EE2434F972004DAA58 /* MyGroup */,
				D71A06E92434F1E5004DAA58 /* Model */,
				D7C39E4C23ED683700DCEDCF /* AppDelegate.swift */,
				D7C39E4E23ED683700DCEDCF /* SceneDelegate.swift */,
				D7C39E5223ED683700DCEDCF /* Main.storyboard */,
				D7C39E5523ED683800DCEDCF /* Assets.xcassets */,
				D7C39E5723ED683800DCEDCF /* LaunchScreen.storyboard */,
				D7C39E5A23ED683800DCEDCF /* Info.plist */,
				D7C39E6023ED68C100DCEDCF /* LoginFormControllerViewController.swift */,
			);
			path = ApplicationVK;
			sourceTree = "<group>";
		};
/* End PBXGroup section */

/* Begin PBXNativeTarget section */
		D7C39E4823ED683700DCEDCF /* ApplicationVK */ = {
			isa = PBXNativeTarget;
			buildConfigurationList = D7C39E5D23ED683800DCEDCF /* Build configuration list for PBXNativeTarget "ApplicationVK" */;
			buildPhases = (
				D7C39E4523ED683700DCEDCF /* Sources */,
				D7C39E4623ED683700DCEDCF /* Frameworks */,
				D7C39E4723ED683700DCEDCF /* Resources */,
			);
			buildRules = (
			);
			dependencies = (
			);
			name = ApplicationVK;
			productName = ApplicationVK;
			productReference = D7C39E4923ED683700DCEDCF /* ApplicationVK.app */;
			productType = "com.apple.product-type.application";
		};
/* End PBXNativeTarget section */

/* Begin PBXProject section */
		D7C39E4123ED683700DCEDCF /* Project object */ = {
			isa = PBXProject;
			attributes = {
				LastSwiftUpdateCheck = 1130;
				LastUpgradeCheck = 1130;
				ORGANIZATIONNAME = "Oksana Zvereva";
				TargetAttributes = {
					D7C39E4823ED683700DCEDCF = {
						CreatedOnToolsVersion = 11.3.1;
					};
				};
			};
			buildConfigurationList = D7C39E4423ED683700DCEDCF /* Build configuration list for PBXProject "ApplicationVK" */;
			compatibilityVersion = "Xcode 9.3";
			developmentRegion = en;
			hasScannedForEncodings = 0;
			knownRegions = (
				en,
				Base,
			);
			mainGroup = D7C39E4023ED683700DCEDCF;
			productRefGroup = D7C39E4A23ED683700DCEDCF /* Products */;
			projectDirPath = "";
			projectRoot = "";
			targets = (
				D7C39E4823ED683700DCEDCF /* ApplicationVK */,
			);
		};
/* End PBXProject section */

/* Begin PBXResourcesBuildPhase section */
		D7C39E4723ED683700DCEDCF /* Resources */ = {
			isa = PBXResourcesBuildPhase;
			buildActionMask = 2147483647;
			files = (
				D7C39E5923ED683800DCEDCF /* LaunchScreen.storyboard in Resources */,
				D75763CC24435BD60065E684 /* MessageCellTableViewCell.xib in Resources */,
				D7C39E5623ED683800DCEDCF /* Assets.xcassets in Resources */,
				D7C39E5423ED683700DCEDCF /* Main.storyboard in Resources */,
			);
			runOnlyForDeploymentPostprocessing = 0;
		};
/* End PBXResourcesBuildPhase section */

/* Begin PBXSourcesBuildPhase section */
		D7C39E4523ED683700DCEDCF /* Sources */ = {
			isa = PBXSourcesBuildPhase;
			buildActionMask = 2147483647;
			files = (
				D71A06FC2435D258004DAA58 /* AllFriendTableCell.swift in Sources */,
				D75763D0244393BF0065E684 /* NewsTableCell.swift in Sources */,
				D71A06FA2435D23A004DAA58 /* AllFriendTableController.swift in Sources */,
				D75763C4244311ED0065E684 /* MessageTableController.swift in Sources */,
				D71A06F52434F9F8004DAA58 /* AllGroupTableCell.swift in Sources */,
				D75763CB24435BD60065E684 /* MessageCellTableViewCell.swift in Sources */,
				D71A06F02434F9B3004DAA58 /* MyGroupTableController.swift in Sources */,
				D7C39E6123ED68C100DCEDCF /* LoginFormControllerViewController.swift in Sources */,
				D71A070D243A5ABA004DAA58 /* GradientView.swift in Sources */,
				D71A06FF2435DBEE004DAA58 /* FotoCollectionController.swift in Sources */,
				D71A07012435DC11004DAA58 /* FotoCollectionCell.swift in Sources */,
				D75763D42443A8490065E684 /* CommentButton.swift in Sources */,
				D7C39E4D23ED683700DCEDCF /* AppDelegate.swift in Sources */,
				D75763C2244311310065E684 /* NewsTableController.swift in Sources */,
				D71A06ED2434F266004DAA58 /* Friend.swift in Sources */,
				D71A07042436092F004DAA58 /* FotoController.swift in Sources */,
				D71A06F72434FA18004DAA58 /* AllGroupTableController.swift in Sources */,
				D75763D224439DB10065E684 /* NewsFotoCollectionCell.swift in Sources */,
				D7C39E4F23ED683700DCEDCF /* SceneDelegate.swift in Sources */,
				D71A070B2439CCF5004DAA58 /* LikeButton.swift in Sources */,
				D71A06EB2434F218004DAA58 /* Group.swift in Sources */,
				D71A06F22434F9D4004DAA58 /* MyGroupTableCell.swift in Sources */,
				D75763C7244316CC0065E684 /* News.swift in Sources */,
				D75763CE24438A680065E684 /* CustomCollectionViewLayout.swift in Sources */,
				D71A07092438DEFA004DAA58 /* CircleImage.swift in Sources */,
			);
			runOnlyForDeploymentPostprocessing = 0;
		};
/* End PBXSourcesBuildPhase section */

/* Begin PBXVariantGroup section */
		D7C39E5223ED683700DCEDCF /* Main.storyboard */ = {
			isa = PBXVariantGroup;
			children = (
				D7C39E5323ED683700DCEDCF /* Base */,
			);
			name = Main.storyboard;
			sourceTree = "<group>";
		};
		D7C39E5723ED683800DCEDCF /* LaunchScreen.storyboard */ = {
			isa = PBXVariantGroup;
			children = (
				D7C39E5823ED683800DCEDCF /* Base */,
			);
			name = LaunchScreen.storyboard;
			sourceTree = "<group>";
		};
/* End PBXVariantGroup section */

/* Begin XCBuildConfiguration section */
		D7C39E5B23ED683800DCEDCF /* Debug */ = {
			isa = XCBuildConfiguration;
			buildSettings = {
				ALWAYS_SEARCH_USER_PATHS = NO;
				CLANG_ANALYZER_NONNULL = YES;
				CLANG_ANALYZER_NUMBER_OBJECT_CONVERSION = YES_AGGRESSIVE;
				CLANG_CXX_LANGUAGE_STANDARD = "gnu++14";
				CLANG_CXX_LIBRARY = "libc++";
				CLANG_ENABLE_MODULES = YES;
				CLANG_ENABLE_OBJC_ARC = YES;
				CLANG_ENABLE_OBJC_WEAK = YES;
				CLANG_WARN_BLOCK_CAPTURE_AUTORELEASING = YES;
				CLANG_WARN_BOOL_CONVERSION = YES;
				CLANG_WARN_COMMA = YES;
				CLANG_WARN_CONSTANT_CONVERSION = YES;
				CLANG_WARN_DEPRECATED_OBJC_IMPLEMENTATIONS = YES;
				CLANG_WARN_DIRECT_OBJC_ISA_USAGE = YES_ERROR;
				CLANG_WARN_DOCUMENTATION_COMMENTS = YES;
				CLANG_WARN_EMPTY_BODY = YES;
				CLANG_WARN_ENUM_CONVERSION = YES;
				CLANG_WARN_INFINITE_RECURSION = YES;
				CLANG_WARN_INT_CONVERSION = YES;
				CLANG_WARN_NON_LITERAL_NULL_CONVERSION = YES;
				CLANG_WARN_OBJC_IMPLICIT_RETAIN_SELF = YES;
				CLANG_WARN_OBJC_LITERAL_CONVERSION = YES;
				CLANG_WARN_OBJC_ROOT_CLASS = YES_ERROR;
				CLANG_WARN_RANGE_LOOP_ANALYSIS = YES;
				CLANG_WARN_STRICT_PROTOTYPES = YES;
				CLANG_WARN_SUSPICIOUS_MOVE = YES;
				CLANG_WARN_UNGUARDED_AVAILABILITY = YES_AGGRESSIVE;
				CLANG_WARN_UNREACHABLE_CODE = YES;
				CLANG_WARN__DUPLICATE_METHOD_MATCH = YES;
				COPY_PHASE_STRIP = NO;
				DEBUG_INFORMATION_FORMAT = dwarf;
				ENABLE_STRICT_OBJC_MSGSEND = YES;
				ENABLE_TESTABILITY = YES;
				GCC_C_LANGUAGE_STANDARD = gnu11;
				GCC_DYNAMIC_NO_PIC = NO;
				GCC_NO_COMMON_BLOCKS = YES;
				GCC_OPTIMIZATION_LEVEL = 0;
				GCC_PREPROCESSOR_DEFINITIONS = (
					"DEBUG=1",
					"$(inherited)",
				);
				GCC_WARN_64_TO_32_BIT_CONVERSION = YES;
				GCC_WARN_ABOUT_RETURN_TYPE = YES_ERROR;
				GCC_WARN_UNDECLARED_SELECTOR = YES;
				GCC_WARN_UNINITIALIZED_AUTOS = YES_AGGRESSIVE;
				GCC_WARN_UNUSED_FUNCTION = YES;
				GCC_WARN_UNUSED_VARIABLE = YES;
				IPHONEOS_DEPLOYMENT_TARGET = 13.2;
				MTL_ENABLE_DEBUG_INFO = INCLUDE_SOURCE;
				MTL_FAST_MATH = YES;
				ONLY_ACTIVE_ARCH = YES;
				SDKROOT = iphoneos;
				SWIFT_ACTIVE_COMPILATION_CONDITIONS = DEBUG;
				SWIFT_OPTIMIZATION_LEVEL = "-Onone";
			};
			name = Debug;
		};
		D7C39E5C23ED683800DCEDCF /* Release */ = {
			isa = XCBuildConfiguration;
			buildSettings = {
				ALWAYS_SEARCH_USER_PATHS = NO;
				CLANG_ANALYZER_NONNULL = YES;
				CLANG_ANALYZER_NUMBER_OBJECT_CONVERSION = YES_AGGRESSIVE;
				CLANG_CXX_LANGUAGE_STANDARD = "gnu++14";
				CLANG_CXX_LIBRARY = "libc++";
				CLANG_ENABLE_MODULES = YES;
				CLANG_ENABLE_OBJC_ARC = YES;
				CLANG_ENABLE_OBJC_WEAK = YES;
				CLANG_WARN_BLOCK_CAPTURE_AUTORELEASING = YES;
				CLANG_WARN_BOOL_CONVERSION = YES;
				CLANG_WARN_COMMA = YES;
				CLANG_WARN_CONSTANT_CONVERSION = YES;
				CLANG_WARN_DEPRECATED_OBJC_IMPLEMENTATIONS = YES;
				CLANG_WARN_DIRECT_OBJC_ISA_USAGE = YES_ERROR;
				CLANG_WARN_DOCUMENTATION_COMMENTS = YES;
				CLANG_WARN_EMPTY_BODY = YES;
				CLANG_WARN_ENUM_CONVERSION = YES;
				CLANG_WARN_INFINITE_RECURSION = YES;
				CLANG_WARN_INT_CONVERSION = YES;
				CLANG_WARN_NON_LITERAL_NULL_CONVERSION = YES;
				CLANG_WARN_OBJC_IMPLICIT_RETAIN_SELF = YES;
				CLANG_WARN_OBJC_LITERAL_CONVERSION = YES;
				CLANG_WARN_OBJC_ROOT_CLASS = YES_ERROR;
				CLANG_WARN_RANGE_LOOP_ANALYSIS = YES;
				CLANG_WARN_STRICT_PROTOTYPES = YES;
				CLANG_WARN_SUSPICIOUS_MOVE = YES;
				CLANG_WARN_UNGUARDED_AVAILABILITY = YES_AGGRESSIVE;
				CLANG_WARN_UNREACHABLE_CODE = YES;
				CLANG_WARN__DUPLICATE_METHOD_MATCH = YES;
				COPY_PHASE_STRIP = NO;
				DEBUG_INFORMATION_FORMAT = "dwarf-with-dsym";
				ENABLE_NS_ASSERTIONS = NO;
				ENABLE_STRICT_OBJC_MSGSEND = YES;
				GCC_C_LANGUAGE_STANDARD = gnu11;
				GCC_NO_COMMON_BLOCKS = YES;
				GCC_WARN_64_TO_32_BIT_CONVERSION = YES;
				GCC_WARN_ABOUT_RETURN_TYPE = YES_ERROR;
				GCC_WARN_UNDECLARED_SELECTOR = YES;
				GCC_WARN_UNINITIALIZED_AUTOS = YES_AGGRESSIVE;
				GCC_WARN_UNUSED_FUNCTION = YES;
				GCC_WARN_UNUSED_VARIABLE = YES;
				IPHONEOS_DEPLOYMENT_TARGET = 13.2;
				MTL_ENABLE_DEBUG_INFO = NO;
				MTL_FAST_MATH = YES;
				SDKROOT = iphoneos;
				SWIFT_COMPILATION_MODE = wholemodule;
				SWIFT_OPTIMIZATION_LEVEL = "-O";
				VALIDATE_PRODUCT = YES;
			};
			name = Release;
		};
		D7C39E5E23ED683800DCEDCF /* Debug */ = {
			isa = XCBuildConfiguration;
			buildSettings = {
				ASSETCATALOG_COMPILER_APPICON_NAME = AppIcon;
				CODE_SIGN_STYLE = Automatic;
				DEVELOPMENT_TEAM = JHDC5TATVS;
				INFOPLIST_FILE = ApplicationVK/Info.plist;
				LD_RUNPATH_SEARCH_PATHS = (
					"$(inherited)",
					"@executable_path/Frameworks",
				);
				PRODUCT_BUNDLE_IDENTIFIER = OksanaZvereva.ApplicationVK;
				PRODUCT_NAME = "$(TARGET_NAME)";
				SWIFT_VERSION = 5.0;
				TARGETED_DEVICE_FAMILY = "1,2";
			};
			name = Debug;
		};
		D7C39E5F23ED683800DCEDCF /* Release */ = {
			isa = XCBuildConfiguration;
			buildSettings = {
				ASSETCATALOG_COMPILER_APPICON_NAME = AppIcon;
				CODE_SIGN_STYLE = Automatic;
				DEVELOPMENT_TEAM = JHDC5TATVS;
				INFOPLIST_FILE = ApplicationVK/Info.plist;
				LD_RUNPATH_SEARCH_PATHS = (
					"$(inherited)",
					"@executable_path/Frameworks",
				);
				PRODUCT_BUNDLE_IDENTIFIER = OksanaZvereva.ApplicationVK;
				PRODUCT_NAME = "$(TARGET_NAME)";
				SWIFT_VERSION = 5.0;
				TARGETED_DEVICE_FAMILY = "1,2";
			};
			name = Release;
		};
/* End XCBuildConfiguration section */

/* Begin XCConfigurationList section */
		D7C39E4423ED683700DCEDCF /* Build configuration list for PBXProject "ApplicationVK" */ = {
			isa = XCConfigurationList;
			buildConfigurations = (
				D7C39E5B23ED683800DCEDCF /* Debug */,
				D7C39E5C23ED683800DCEDCF /* Release */,
			);
			defaultConfigurationIsVisible = 0;
			defaultConfigurationName = Release;
		};
		D7C39E5D23ED683800DCEDCF /* Build configuration list for PBXNativeTarget "ApplicationVK" */ = {
			isa = XCConfigurationList;
			buildConfigurations = (
				D7C39E5E23ED683800DCEDCF /* Debug */,
				D7C39E5F23ED683800DCEDCF /* Release */,
			);
			defaultConfigurationIsVisible = 0;
			defaultConfigurationName = Release;
		};
/* End XCConfigurationList section */
	};
	rootObject = D7C39E4123ED683700DCEDCF /* Project object */;
}
