// !$*UTF8*$!
{
	archiveVersion = 1;
	classes = {
	};
	objectVersion = 50;
	objects = {

/* Begin PBXBuildFile section */
		D7C39E4D23ED683700DCEDCF /* AppDelegate.swift in Sources */ = {isa = PBXBuildFile; fileRef = D7C39E4C23ED683700DCEDCF /* AppDelegate.swift */; };
		D7C39E4F23ED683700DCEDCF /* SceneDelegate.swift in Sources */ = {isa = PBXBuildFile; fileRef = D7C39E4E23ED683700DCEDCF /* SceneDelegate.swift */; };
		D7C39E5423ED683700DCEDCF /* Main.storyboard in Resources */ = {isa = PBXBuildFile; fileRef = D7C39E5223ED683700DCEDCF /* Main.storyboard */; };
		D7C39E5623ED683800DCEDCF /* Assets.xcassets in Resources */ = {isa = PBXBuildFile; fileRef = D7C39E5523ED683800DCEDCF /* Assets.xcassets */; };
		D7C39E5923ED683800DCEDCF /* LaunchScreen.storyboard in Resources */ = {isa = PBXBuildFile; fileRef = D7C39E5723ED683800DCEDCF /* LaunchScreen.storyboard */; };
		D7C39E6123ED68C100DCEDCF /* LoginFormControllerViewController.swift in Sources */ = {isa = PBXBuildFile; fileRef = D7C39E6023ED68C100DCEDCF /* LoginFormControllerViewController.swift */; };
/* End PBXBuildFile section */

/* Begin PBXFileReference section */
		D7C39E4923ED683700DCEDCF /* ApplicationVK.app */ = {isa = PBXFileReference; explicitFileType = wrapper.application; includeInIndex = 0; path = ApplicationVK.app; sourceTree = BUILT_PRODUCTS_DIR; };
		D7C39E4C23ED683700DCEDCF /* AppDelegate.swift */ = {isa = PBXFileReference; lastKnownFileType = sourcecode.swift; path = AppDelegate.swift; sourceTree = "<group>"; };
		D7C39E4E23ED683700DCEDCF /* SceneDelegate.swift */ = {isa = PBXFileReference; lastKnownFileType = sourcecode.swift; path = SceneDelegate.swift; sourceTree = "<group>"; };
		D7C39E5323ED683700DCEDCF /* Base */ = {isa = PBXFileReference; lastKnownFileType = file.storyboard; name = Base; path = Base.lproj/Main.storyboard; sourceTree = "<group>"; };
		D7C39E5523ED683800DCEDCF /* Assets.xcassets */ = {isa = PBXFileReference; lastKnownFileType = folder.assetcatalog; path = Assets.xcassets; sourceTree = "<group>"; };
		D7C39E5823ED683800DCEDCF /* Base */ = {isa = PBXFileReference; lastKnownFileType = file.storyboard; name = Base; path = Base.lproj/LaunchScreen.storyboard; sourceTree = "<group>"; };
		D7C39E5A23ED683800DCEDCF /* Info.plist */ = {isa = PBXFileReference; lastKnownFileType = text.plist.xml; path = Info.plist; sourceTree = "<group>"; };
		D7C39E6023ED68C100DCEDCF /* LoginFormControllerViewController.swift */ = {isa = PBXFileReference; lastKnownFileType = sourcecode.swift; path = LoginFormControllerViewController.swift; sourceTree = "<group>"; };
/* End PBXFileReference section */

/* Begin PBXFrameworksBuildPhase section */
		D7C39E4623ED683700DCEDCF /* Frameworks */ = {
			isa = PBXFrameworksBuildPhase;
			buildActionMask = 2147483647;
			files = (
			);
			runOnlyForDeploymentPostprocessing = 0;
		};
/* End PBXFrameworksBuildPhase section */

/* Begin PBXGroup section */
		D7C39E4023ED683700DCEDCF = {
			isa = PBXGroup;
			children = (
				D7C39E4B23ED683700DCEDCF /* ApplicationVK */,
				D7C39E4A23ED683700DCEDCF /* Products */,
			);
			sourceTree = "<group>";
		};
		D7C39E4A23ED683700DCEDCF /* Products */ = {
			isa = PBXGroup;
			children = (
				D7C39E4923ED683700DCEDCF /* ApplicationVK.app */,
			);
			name = Products;
			sourceTree = "<group>";
		};
		D7C39E4B23ED683700DCEDCF /* ApplicationVK */ = {
			isa = PBXGroup;
			children = (
				D7C39E4C23ED683700DCEDCF /* AppDelegate.swift */,
				D7C39E4E23ED683700DCEDCF /* SceneDelegate.swift */,
				D7C39E5223ED683700DCEDCF /* Main.storyboard */,
				D7C39E5523ED683800DCEDCF /* Assets.xcassets */,
				D7C39E5723ED683800DCEDCF /* LaunchScreen.storyboard */,
				D7C39E5A23ED683800DCEDCF /* Info.plist */,
				D7C39E6023ED68C100DCEDCF /* LoginFormControllerViewController.swift */,
			);
			path = ApplicationVK;
			sourceTree = "<group>";
		};
/* End PBXGroup section */

/* Begin PBXNativeTarget section */
		D7C39E4823ED683700DCEDCF /* ApplicationVK */ = {
			isa = PBXNativeTarget;
			buildConfigurationList = D7C39E5D23ED683800DCEDCF /* Build configuration list for PBXNativeTarget "ApplicationVK" */;
			buildPhases = (
				D7C39E4523ED683700DCEDCF /* Sources */,
				D7C39E4623ED683700DCEDCF /* Frameworks */,
				D7C39E4723ED683700DCEDCF /* Resources */,
			);
			buildRules = (
			);
			dependencies = (
			);
			name = ApplicationVK;
			productName = ApplicationVK;
			productReference = D7C39E4923ED683700DCEDCF /* ApplicationVK.app */;
			productType = "com.apple.product-type.application";
		};
/* End PBXNativeTarget section */

/* Begin PBXProject section */
		D7C39E4123ED683700DCEDCF /* Project object */ = {
			isa = PBXProject;
			attributes = {
				LastSwiftUpdateCheck = 1130;
				LastUpgradeCheck = 1130;
				ORGANIZATIONNAME = "Oksana Zvereva";
				TargetAttributes = {
					D7C39E4823ED683700DCEDCF = {
						CreatedOnToolsVersion = 11.3.1;
					};
				};
			};
			buildConfigurationList = D7C39E4423ED683700DCEDCF /* Build configuration list for PBXProject "ApplicationVK" */;
			compatibilityVersion = "Xcode 9.3";
			developmentRegion = en;
			hasScannedForEncodings = 0;
			knownRegions = (
				en,
				Base,
			);
			mainGroup = D7C39E4023ED683700DCEDCF;
			productRefGroup = D7C39E4A23ED683700DCEDCF /* Products */;
			projectDirPath = "";
			projectRoot = "";
			targets = (
				D7C39E4823ED683700DCEDCF /* ApplicationVK */,
			);
		};
/* End PBXProject section */

/* Begin PBXResourcesBuildPhase section */
		D7C39E4723ED683700DCEDCF /* Resources */ = {
			isa = PBXResourcesBuildPhase;
			buildActionMask = 2147483647;
			files = (
				D7C39E5923ED683800DCEDCF /* LaunchScreen.storyboard in Resources */,
				D7C39E5623ED683800DCEDCF /* Assets.xcassets in Resources */,
				D7C39E5423ED683700DCEDCF /* Main.storyboard in Resources */,
			);
			runOnlyForDeploymentPostprocessing = 0;
		};
/* End PBXResourcesBuildPhase section */

/* Begin PBXSourcesBuildPhase section */
		D7C39E4523ED683700DCEDCF /* Sources */ = {
			isa = PBXSourcesBuildPhase;
			buildActionMask = 2147483647;
			files = (
				D7C39E6123ED68C100DCEDCF /* LoginFormControllerViewController.swift in Sources */,
				D7C39E4D23ED683700DCEDCF /* AppDelegate.swift in Sources */,
				D7C39E4F23ED683700DCEDCF /* SceneDelegate.swift in Sources */,
			);
			runOnlyForDeploymentPostprocessing = 0;
		};
/* End PBXSourcesBuildPhase section */

/* Begin PBXVariantGroup section */
		D7C39E5223ED683700DCEDCF /* Main.storyboard */ = {
			isa = PBXVariantGroup;
			children = (
				D7C39E5323ED683700DCEDCF /* Base */,
			);
			name = Main.storyboard;
			sourceTree = "<group>";
		};
		D7C39E5723ED683800DCEDCF /* LaunchScreen.storyboard */ = {
			isa = PBXVariantGroup;
			children = (
				D7C39E5823ED683800DCEDCF /* Base */,
			);
			name = LaunchScreen.storyboard;
			sourceTree = "<group>";
		};
/* End PBXVariantGroup section */

/* Begin XCBuildConfiguration section */
		D7C39E5B23ED683800DCEDCF /* Debug */ = {
			isa = XCBuildConfiguration;
			buildSettings = {
				ALWAYS_SEARCH_USER_PATHS = NO;
				CLANG_ANALYZER_NONNULL = YES;
				CLANG_ANALYZER_NUMBER_OBJECT_CONVERSION = YES_AGGRESSIVE;
				CLANG_CXX_LANGUAGE_STANDARD = "gnu++14";
				CLANG_CXX_LIBRARY = "libc++";
				CLANG_ENABLE_MODULES = YES;
				CLANG_ENABLE_OBJC_ARC = YES;
				CLANG_ENABLE_OBJC_WEAK = YES;
				CLANG_WARN_BLOCK_CAPTURE_AUTORELEASING = YES;
				CLANG_WARN_BOOL_CONVERSION = YES;
				CLANG_WARN_COMMA = YES;
				CLANG_WARN_CONSTANT_CONVERSION = YES;
				CLANG_WARN_DEPRECATED_OBJC_IMPLEMENTATIONS = YES;
				CLANG_WARN_DIRECT_OBJC_ISA_USAGE = YES_ERROR;
				CLANG_WARN_DOCUMENTATION_COMMENTS = YES;
				CLANG_WARN_EMPTY_BODY = YES;
				CLANG_WARN_ENUM_CONVERSION = YES;
				CLANG_WARN_INFINITE_RECURSION = YES;
				CLANG_WARN_INT_CONVERSION = YES;
				CLANG_WARN_NON_LITERAL_NULL_CONVERSION = YES;
				CLANG_WARN_OBJC_IMPLICIT_RETAIN_SELF = YES;
				CLANG_WARN_OBJC_LITERAL_CONVERSION = YES;
				CLANG_WARN_OBJC_ROOT_CLASS = YES_ERROR;
				CLANG_WARN_RANGE_LOOP_ANALYSIS = YES;
				CLANG_WARN_STRICT_PROTOTYPES = YES;
				CLANG_WARN_SUSPICIOUS_MOVE = YES;
				CLANG_WARN_UNGUARDED_AVAILABILITY = YES_AGGRESSIVE;
				CLANG_WARN_UNREACHABLE_CODE = YES;
				CLANG_WARN__DUPLICATE_METHOD_MATCH = YES;
				COPY_PHASE_STRIP = NO;
				DEBUG_INFORMATION_FORMAT = dwarf;
				ENABLE_STRICT_OBJC_MSGSEND = YES;
				ENABLE_TESTABILITY = YES;
				GCC_C_LANGUAGE_STANDARD = gnu11;
				GCC_DYNAMIC_NO_PIC = NO;
				GCC_NO_COMMON_BLOCKS = YES;
				GCC_OPTIMIZATION_LEVEL = 0;
				GCC_PREPROCESSOR_DEFINITIONS = (
					"DEBUG=1",
					"$(inherited)",
				);
				GCC_WARN_64_TO_32_BIT_CONVERSION = YES;
				GCC_WARN_ABOUT_RETURN_TYPE = YES_ERROR;
				GCC_WARN_UNDECLARED_SELECTOR = YES;
				GCC_WARN_UNINITIALIZED_AUTOS = YES_AGGRESSIVE;
				GCC_WARN_UNUSED_FUNCTION = YES;
				GCC_WARN_UNUSED_VARIABLE = YES;
				IPHONEOS_DEPLOYMENT_TARGET = 13.2;
				MTL_ENABLE_DEBUG_INFO = INCLUDE_SOURCE;
				MTL_FAST_MATH = YES;
				ONLY_ACTIVE_ARCH = YES;
				SDKROOT = iphoneos;
				SWIFT_ACTIVE_COMPILATION_CONDITIONS = DEBUG;
				SWIFT_OPTIMIZATION_LEVEL = "-Onone";
			};
			name = Debug;
		};
		D7C39E5C23ED683800DCEDCF /* Release */ = {
			isa = XCBuildConfiguration;
			buildSettings = {
				ALWAYS_SEARCH_USER_PATHS = NO;
				CLANG_ANALYZER_NONNULL = YES;
				CLANG_ANALYZER_NUMBER_OBJECT_CONVERSION = YES_AGGRESSIVE;
				CLANG_CXX_LANGUAGE_STANDARD = "gnu++14";
				CLANG_CXX_LIBRARY = "libc++";
				CLANG_ENABLE_MODULES = YES;
				CLANG_ENABLE_OBJC_ARC = YES;
				CLANG_ENABLE_OBJC_WEAK = YES;
				CLANG_WARN_BLOCK_CAPTURE_AUTORELEASING = YES;
				CLANG_WARN_BOOL_CONVERSION = YES;
				CLANG_WARN_COMMA = YES;
				CLANG_WARN_CONSTANT_CONVERSION = YES;
				CLANG_WARN_DEPRECATED_OBJC_IMPLEMENTATIONS = YES;
				CLANG_WARN_DIRECT_OBJC_ISA_USAGE = YES_ERROR;
				CLANG_WARN_DOCUMENTATION_COMMENTS = YES;
				CLANG_WARN_EMPTY_BODY = YES;
				CLANG_WARN_ENUM_CONVERSION = YES;
				CLANG_WARN_INFINITE_RECURSION = YES;
				CLANG_WARN_INT_CONVERSION = YES;
				CLANG_WARN_NON_LITERAL_NULL_CONVERSION = YES;
				CLANG_WARN_OBJC_IMPLICIT_RETAIN_SELF = YES;
				CLANG_WARN_OBJC_LITERAL_CONVERSION = YES;
				CLANG_WARN_OBJC_ROOT_CLASS = YES_ERROR;
				CLANG_WARN_RANGE_LOOP_ANALYSIS = YES;
				CLANG_WARN_STRICT_PROTOTYPES = YES;
				CLANG_WARN_SUSPICIOUS_MOVE = YES;
				CLANG_WARN_UNGUARDED_AVAILABILITY = YES_AGGRESSIVE;
				CLANG_WARN_UNREACHABLE_CODE = YES;
				CLANG_WARN__DUPLICATE_METHOD_MATCH = YES;
				COPY_PHASE_STRIP = NO;
				DEBUG_INFORMATION_FORMAT = "dwarf-with-dsym";
				ENABLE_NS_ASSERTIONS = NO;
				ENABLE_STRICT_OBJC_MSGSEND = YES;
				GCC_C_LANGUAGE_STANDARD = gnu11;
				GCC_NO_COMMON_BLOCKS = YES;
				GCC_WARN_64_TO_32_BIT_CONVERSION = YES;
				GCC_WARN_ABOUT_RETURN_TYPE = YES_ERROR;
				GCC_WARN_UNDECLARED_SELECTOR = YES;
				GCC_WARN_UNINITIALIZED_AUTOS = YES_AGGRESSIVE;
				GCC_WARN_UNUSED_FUNCTION = YES;
				GCC_WARN_UNUSED_VARIABLE = YES;
				IPHONEOS_DEPLOYMENT_TARGET = 13.2;
				MTL_ENABLE_DEBUG_INFO = NO;
				MTL_FAST_MATH = YES;
				SDKROOT = iphoneos;
				SWIFT_COMPILATION_MODE = wholemodule;
				SWIFT_OPTIMIZATION_LEVEL = "-O";
				VALIDATE_PRODUCT = YES;
			};
			name = Release;
		};
		D7C39E5E23ED683800DCEDCF /* Debug */ = {
			isa = XCBuildConfiguration;
			buildSettings = {
				ASSETCATALOG_COMPILER_APPICON_NAME = AppIcon;
				CODE_SIGN_STYLE = Automatic;
				DEVELOPMENT_TEAM = JHDC5TATVS;
				INFOPLIST_FILE = ApplicationVK/Info.plist;
				LD_RUNPATH_SEARCH_PATHS = (
					"$(inherited)",
					"@executable_path/Frameworks",
				);
				PRODUCT_BUNDLE_IDENTIFIER = OksanaZvereva.ApplicationVK;
				PRODUCT_NAME = "$(TARGET_NAME)";
				SWIFT_VERSION = 5.0;
				TARGETED_DEVICE_FAMILY = "1,2";
			};
			name = Debug;
		};
		D7C39E5F23ED683800DCEDCF /* Release */ = {
			isa = XCBuildConfiguration;
			buildSettings = {
				ASSETCATALOG_COMPILER_APPICON_NAME = AppIcon;
				CODE_SIGN_STYLE = Automatic;
				DEVELOPMENT_TEAM = JHDC5TATVS;
				INFOPLIST_FILE = ApplicationVK/Info.plist;
				LD_RUNPATH_SEARCH_PATHS = (
					"$(inherited)",
					"@executable_path/Frameworks",
				);
				PRODUCT_BUNDLE_IDENTIFIER = OksanaZvereva.ApplicationVK;
				PRODUCT_NAME = "$(TARGET_NAME)";
				SWIFT_VERSION = 5.0;
				TARGETED_DEVICE_FAMILY = "1,2";
			};
			name = Release;
		};
/* End XCBuildConfiguration section */

/* Begin XCConfigurationList section */
		D7C39E4423ED683700DCEDCF /* Build configuration list for PBXProject "ApplicationVK" */ = {
			isa = XCConfigurationList;
			buildConfigurations = (
				D7C39E5B23ED683800DCEDCF /* Debug */,
				D7C39E5C23ED683800DCEDCF /* Release */,
			);
			defaultConfigurationIsVisible = 0;
			defaultConfigurationName = Release;
		};
		D7C39E5D23ED683800DCEDCF /* Build configuration list for PBXNativeTarget "ApplicationVK" */ = {
			isa = XCConfigurationList;
			buildConfigurations = (
				D7C39E5E23ED683800DCEDCF /* Debug */,
				D7C39E5F23ED683800DCEDCF /* Release */,
			);
			defaultConfigurationIsVisible = 0;
			defaultConfigurationName = Release;
		};
/* End XCConfigurationList section */
	};
	rootObject = D7C39E4123ED683700DCEDCF /* Project object */;
}
